
Microsoft Visual Studio Solution File, Format Version 12.00
# Visual Studio Version 16
VisualStudioVersion = 16.0.30804.86
MinimumVisualStudioVersion = 10.0.40219.1
Project("{FAE04EC0-301F-11D3-BF4B-00C04F79EFBC}") = "ConsoleAppGC", "ConsoleAppGC\ConsoleAppGC.csproj", "{C9C9F347-14DC-48D9-994A-C3D2B4794D4C}"
EndProject
Global
	GlobalSection(SolutionConfigurationPlatforms) = preSolution
		Debug|Any CPU = Debug|Any CPU
		Release|Any CPU = Release|Any CPU
	EndGlobalSection
	GlobalSection(ProjectConfigurationPlatforms) = postSolution
		{C9C9F347-14DC-48D9-994A-C3D2B4794D4C}.Debug|Any CPU.ActiveCfg = Debug|Any CPU
		{C9C9F347-14DC-48D9-994A-C3D2B4794D4C}.Debug|Any CPU.Build.0 = Debug|Any CPU
		{C9C9F347-14DC-48D9-994A-C3D2B4794D4C}.Release|Any CPU.ActiveCfg = Release|Any CPU
		{C9C9F347-14DC-48D9-994A-C3D2B4794D4C}.Release|Any CPU.Build.0 = Release|Any CPU
	EndGlobalSection
	GlobalSection(SolutionProperties) = preSolution
		HideSolutionNode = FALSE
	EndGlobalSection
	GlobalSection(ExtensibilityGlobals) = postSolution
		SolutionGuid = {641AAD5D-ADFE-4F97-9CE3-AC4BC06BC514}
	EndGlobalSection
EndGlobal
